
Microsoft Visual Studio Solution File, Format Version 12.00
# Visual Studio 14
VisualStudioVersion = 14.0.25123.0
MinimumVisualStudioVersion = 10.0.40219.1
Project("{FAE04EC0-301F-11D3-BF4B-00C04F79EFBC}") = "KnUsaPresident.Droid", "KnUsaPresident\KnUsaPresident.Droid\KnUsaPresident.Droid.csproj", "{F85ED7C1-D861-4F5F-86F8-59C9FFC4DEAF}"
EndProject
Project("{FAE04EC0-301F-11D3-BF4B-00C04F79EFBC}") = "KnUsaPresident.iOS", "KnUsaPresident\KnUsaPresident.iOS\KnUsaPresident.iOS.csproj", "{ADEF1CC0-3018-4263-96D0-38BC07990C2A}"
EndProject
Project("{FAE04EC0-301F-11D3-BF4B-00C04F79EFBC}") = "KnUsaPresident.WinPhone", "KnUsaPresident\KnUsaPresident.WinPhone\KnUsaPresident.WinPhone.csproj", "{A91C4DF9-8DDD-4710-952D-CF8C2CBB0AA1}"
EndProject
Project("{FAE04EC0-301F-11D3-BF4B-00C04F79EFBC}") = "KnUsaPresident.UWP", "KnUsaPresident\KnUsaPresident.UWP\KnUsaPresident.UWP.csproj", "{CA8F3ABD-C70A-4FFB-B0CC-F6EA4CF443F1}"
EndProject
Project("{FAE04EC0-301F-11D3-BF4B-00C04F79EFBC}") = "KnUsaPresident.Windows", "KnUsaPresident\KnUsaPresident.Windows\KnUsaPresident.Windows.csproj", "{9B8EAC46-40E0-4837-AB4B-03B9D99BD4A5}"
EndProject
Project("{FAE04EC0-301F-11D3-BF4B-00C04F79EFBC}") = "KnUsaPresident", "KnUsaPresident\KnUsaPresident\KnUsaPresident.csproj", "{495090DB-3498-4634-AB4F-1FDC38007F22}"
EndProject
Global
	GlobalSection(SolutionConfigurationPlatforms) = preSolution
		Ad-Hoc|Any CPU = Ad-Hoc|Any CPU
		Ad-Hoc|ARM = Ad-Hoc|ARM
		Ad-Hoc|iPhone = Ad-Hoc|iPhone
		Ad-Hoc|iPhoneSimulator = Ad-Hoc|iPhoneSimulator
		Ad-Hoc|x64 = Ad-Hoc|x64
		Ad-Hoc|x86 = Ad-Hoc|x86
		AppStore|Any CPU = AppStore|Any CPU
		AppStore|ARM = AppStore|ARM
		AppStore|iPhone = AppStore|iPhone
		AppStore|iPhoneSimulator = AppStore|iPhoneSimulator
		AppStore|x64 = AppStore|x64
		AppStore|x86 = AppStore|x86
		Debug|Any CPU = Debug|Any CPU
		Debug|ARM = Debug|ARM
		Debug|iPhone = Debug|iPhone
		Debug|iPhoneSimulator = Debug|iPhoneSimulator
		Debug|x64 = Debug|x64
		Debug|x86 = Debug|x86
		Release|Any CPU = Release|Any CPU
		Release|ARM = Release|ARM
		Release|iPhone = Release|iPhone
		Release|iPhoneSimulator = Release|iPhoneSimulator
		Release|x64 = Release|x64
		Release|x86 = Release|x86
	EndGlobalSection
	GlobalSection(ProjectConfigurationPlatforms) = postSolution
		{F85ED7C1-D861-4F5F-86F8-59C9FFC4DEAF}.Ad-Hoc|Any CPU.ActiveCfg = Release|Any CPU
		{F85ED7C1-D861-4F5F-86F8-59C9FFC4DEAF}.Ad-Hoc|Any CPU.Build.0 = Release|Any CPU
		{F85ED7C1-D861-4F5F-86F8-59C9FFC4DEAF}.Ad-Hoc|Any CPU.Deploy.0 = Release|Any CPU
		{F85ED7C1-D861-4F5F-86F8-59C9FFC4DEAF}.Ad-Hoc|ARM.ActiveCfg = Release|Any CPU
		{F85ED7C1-D861-4F5F-86F8-59C9FFC4DEAF}.Ad-Hoc|ARM.Build.0 = Release|Any CPU
		{F85ED7C1-D861-4F5F-86F8-59C9FFC4DEAF}.Ad-Hoc|ARM.Deploy.0 = Release|Any CPU
		{F85ED7C1-D861-4F5F-86F8-59C9FFC4DEAF}.Ad-Hoc|iPhone.ActiveCfg = Release|Any CPU
		{F85ED7C1-D861-4F5F-86F8-59C9FFC4DEAF}.Ad-Hoc|iPhone.Build.0 = Release|Any CPU
		{F85ED7C1-D861-4F5F-86F8-59C9FFC4DEAF}.Ad-Hoc|iPhone.Deploy.0 = Release|Any CPU
		{F85ED7C1-D861-4F5F-86F8-59C9FFC4DEAF}.Ad-Hoc|iPhoneSimulator.ActiveCfg = Release|Any CPU
		{F85ED7C1-D861-4F5F-86F8-59C9FFC4DEAF}.Ad-Hoc|iPhoneSimulator.Build.0 = Release|Any CPU
		{F85ED7C1-D861-4F5F-86F8-59C9FFC4DEAF}.Ad-Hoc|iPhoneSimulator.Deploy.0 = Release|Any CPU
		{F85ED7C1-D861-4F5F-86F8-59C9FFC4DEAF}.Ad-Hoc|x64.ActiveCfg = Release|Any CPU
		{F85ED7C1-D861-4F5F-86F8-59C9FFC4DEAF}.Ad-Hoc|x64.Build.0 = Release|Any CPU
		{F85ED7C1-D861-4F5F-86F8-59C9FFC4DEAF}.Ad-Hoc|x64.Deploy.0 = Release|Any CPU
		{F85ED7C1-D861-4F5F-86F8-59C9FFC4DEAF}.Ad-Hoc|x86.ActiveCfg = Release|Any CPU
		{F85ED7C1-D861-4F5F-86F8-59C9FFC4DEAF}.Ad-Hoc|x86.Build.0 = Release|Any CPU
		{F85ED7C1-D861-4F5F-86F8-59C9FFC4DEAF}.Ad-Hoc|x86.Deploy.0 = Release|Any CPU
		{F85ED7C1-D861-4F5F-86F8-59C9FFC4DEAF}.AppStore|Any CPU.ActiveCfg = Release|Any CPU
		{F85ED7C1-D861-4F5F-86F8-59C9FFC4DEAF}.AppStore|Any CPU.Build.0 = Release|Any CPU
		{F85ED7C1-D861-4F5F-86F8-59C9FFC4DEAF}.AppStore|Any CPU.Deploy.0 = Release|Any CPU
		{F85ED7C1-D861-4F5F-86F8-59C9FFC4DEAF}.AppStore|ARM.ActiveCfg = Release|Any CPU
		{F85ED7C1-D861-4F5F-86F8-59C9FFC4DEAF}.AppStore|ARM.Build.0 = Release|Any CPU
		{F85ED7C1-D861-4F5F-86F8-59C9FFC4DEAF}.AppStore|ARM.Deploy.0 = Release|Any CPU
		{F85ED7C1-D861-4F5F-86F8-59C9FFC4DEAF}.AppStore|iPhone.ActiveCfg = Release|Any CPU
		{F85ED7C1-D861-4F5F-86F8-59C9FFC4DEAF}.AppStore|iPhone.Build.0 = Release|Any CPU
		{F85ED7C1-D861-4F5F-86F8-59C9FFC4DEAF}.AppStore|iPhone.Deploy.0 = Release|Any CPU
		{F85ED7C1-D861-4F5F-86F8-59C9FFC4DEAF}.AppStore|iPhoneSimulator.ActiveCfg = Release|Any CPU
		{F85ED7C1-D861-4F5F-86F8-59C9FFC4DEAF}.AppStore|iPhoneSimulator.Build.0 = Release|Any CPU
		{F85ED7C1-D861-4F5F-86F8-59C9FFC4DEAF}.AppStore|iPhoneSimulator.Deploy.0 = Release|Any CPU
		{F85ED7C1-D861-4F5F-86F8-59C9FFC4DEAF}.AppStore|x64.ActiveCfg = Release|Any CPU
		{F85ED7C1-D861-4F5F-86F8-59C9FFC4DEAF}.AppStore|x64.Build.0 = Release|Any CPU
		{F85ED7C1-D861-4F5F-86F8-59C9FFC4DEAF}.AppStore|x64.Deploy.0 = Release|Any CPU
		{F85ED7C1-D861-4F5F-86F8-59C9FFC4DEAF}.AppStore|x86.ActiveCfg = Release|Any CPU
		{F85ED7C1-D861-4F5F-86F8-59C9FFC4DEAF}.AppStore|x86.Build.0 = Release|Any CPU
		{F85ED7C1-D861-4F5F-86F8-59C9FFC4DEAF}.AppStore|x86.Deploy.0 = Release|Any CPU
		{F85ED7C1-D861-4F5F-86F8-59C9FFC4DEAF}.Debug|Any CPU.ActiveCfg = Debug|Any CPU
		{F85ED7C1-D861-4F5F-86F8-59C9FFC4DEAF}.Debug|Any CPU.Build.0 = Debug|Any CPU
		{F85ED7C1-D861-4F5F-86F8-59C9FFC4DEAF}.Debug|Any CPU.Deploy.0 = Debug|Any CPU
		{F85ED7C1-D861-4F5F-86F8-59C9FFC4DEAF}.Debug|ARM.ActiveCfg = Debug|Any CPU
		{F85ED7C1-D861-4F5F-86F8-59C9FFC4DEAF}.Debug|ARM.Build.0 = Debug|Any CPU
		{F85ED7C1-D861-4F5F-86F8-59C9FFC4DEAF}.Debug|ARM.Deploy.0 = Debug|Any CPU
		{F85ED7C1-D861-4F5F-86F8-59C9FFC4DEAF}.Debug|iPhone.ActiveCfg = Debug|Any CPU
		{F85ED7C1-D861-4F5F-86F8-59C9FFC4DEAF}.Debug|iPhone.Build.0 = Debug|Any CPU
		{F85ED7C1-D861-4F5F-86F8-59C9FFC4DEAF}.Debug|iPhone.Deploy.0 = Debug|Any CPU
		{F85ED7C1-D861-4F5F-86F8-59C9FFC4DEAF}.Debug|iPhoneSimulator.ActiveCfg = Debug|Any CPU
		{F85ED7C1-D861-4F5F-86F8-59C9FFC4DEAF}.Debug|iPhoneSimulator.Build.0 = Debug|Any CPU
		{F85ED7C1-D861-4F5F-86F8-59C9FFC4DEAF}.Debug|iPhoneSimulator.Deploy.0 = Debug|Any CPU
		{F85ED7C1-D861-4F5F-86F8-59C9FFC4DEAF}.Debug|x64.ActiveCfg = Debug|Any CPU
		{F85ED7C1-D861-4F5F-86F8-59C9FFC4DEAF}.Debug|x64.Build.0 = Debug|Any CPU
		{F85ED7C1-D861-4F5F-86F8-59C9FFC4DEAF}.Debug|x64.Deploy.0 = Debug|Any CPU
		{F85ED7C1-D861-4F5F-86F8-59C9FFC4DEAF}.Debug|x86.ActiveCfg = Debug|Any CPU
		{F85ED7C1-D861-4F5F-86F8-59C9FFC4DEAF}.Debug|x86.Build.0 = Debug|Any CPU
		{F85ED7C1-D861-4F5F-86F8-59C9FFC4DEAF}.Debug|x86.Deploy.0 = Debug|Any CPU
		{F85ED7C1-D861-4F5F-86F8-59C9FFC4DEAF}.Release|Any CPU.ActiveCfg = Release|Any CPU
		{F85ED7C1-D861-4F5F-86F8-59C9FFC4DEAF}.Release|Any CPU.Build.0 = Release|Any CPU
		{F85ED7C1-D861-4F5F-86F8-59C9FFC4DEAF}.Release|Any CPU.Deploy.0 = Release|Any CPU
		{F85ED7C1-D861-4F5F-86F8-59C9FFC4DEAF}.Release|ARM.ActiveCfg = Release|Any CPU
		{F85ED7C1-D861-4F5F-86F8-59C9FFC4DEAF}.Release|ARM.Build.0 = Release|Any CPU
		{F85ED7C1-D861-4F5F-86F8-59C9FFC4DEAF}.Release|ARM.Deploy.0 = Release|Any CPU
		{F85ED7C1-D861-4F5F-86F8-59C9FFC4DEAF}.Release|iPhone.ActiveCfg = Release|Any CPU
		{F85ED7C1-D861-4F5F-86F8-59C9FFC4DEAF}.Release|iPhone.Build.0 = Release|Any CPU
		{F85ED7C1-D861-4F5F-86F8-59C9FFC4DEAF}.Release|iPhone.Deploy.0 = Release|Any CPU
		{F85ED7C1-D861-4F5F-86F8-59C9FFC4DEAF}.Release|iPhoneSimulator.ActiveCfg = Release|Any CPU
		{F85ED7C1-D861-4F5F-86F8-59C9FFC4DEAF}.Release|iPhoneSimulator.Build.0 = Release|Any CPU
		{F85ED7C1-D861-4F5F-86F8-59C9FFC4DEAF}.Release|iPhoneSimulator.Deploy.0 = Release|Any CPU
		{F85ED7C1-D861-4F5F-86F8-59C9FFC4DEAF}.Release|x64.ActiveCfg = Release|Any CPU
		{F85ED7C1-D861-4F5F-86F8-59C9FFC4DEAF}.Release|x64.Build.0 = Release|Any CPU
		{F85ED7C1-D861-4F5F-86F8-59C9FFC4DEAF}.Release|x64.Deploy.0 = Release|Any CPU
		{F85ED7C1-D861-4F5F-86F8-59C9FFC4DEAF}.Release|x86.ActiveCfg = Release|Any CPU
		{F85ED7C1-D861-4F5F-86F8-59C9FFC4DEAF}.Release|x86.Build.0 = Release|Any CPU
		{F85ED7C1-D861-4F5F-86F8-59C9FFC4DEAF}.Release|x86.Deploy.0 = Release|Any CPU
		{ADEF1CC0-3018-4263-96D0-38BC07990C2A}.Ad-Hoc|Any CPU.ActiveCfg = Ad-Hoc|iPhone
		{ADEF1CC0-3018-4263-96D0-38BC07990C2A}.Ad-Hoc|ARM.ActiveCfg = Ad-Hoc|iPhone
		{ADEF1CC0-3018-4263-96D0-38BC07990C2A}.Ad-Hoc|iPhone.ActiveCfg = Ad-Hoc|iPhone
		{ADEF1CC0-3018-4263-96D0-38BC07990C2A}.Ad-Hoc|iPhone.Build.0 = Ad-Hoc|iPhone
		{ADEF1CC0-3018-4263-96D0-38BC07990C2A}.Ad-Hoc|iPhoneSimulator.ActiveCfg = Ad-Hoc|iPhoneSimulator
		{ADEF1CC0-3018-4263-96D0-38BC07990C2A}.Ad-Hoc|iPhoneSimulator.Build.0 = Ad-Hoc|iPhoneSimulator
		{ADEF1CC0-3018-4263-96D0-38BC07990C2A}.Ad-Hoc|x64.ActiveCfg = Ad-Hoc|iPhone
		{ADEF1CC0-3018-4263-96D0-38BC07990C2A}.Ad-Hoc|x86.ActiveCfg = Ad-Hoc|iPhone
		{ADEF1CC0-3018-4263-96D0-38BC07990C2A}.AppStore|Any CPU.ActiveCfg = AppStore|iPhone
		{ADEF1CC0-3018-4263-96D0-38BC07990C2A}.AppStore|ARM.ActiveCfg = AppStore|iPhone
		{ADEF1CC0-3018-4263-96D0-38BC07990C2A}.AppStore|iPhone.ActiveCfg = AppStore|iPhone
		{ADEF1CC0-3018-4263-96D0-38BC07990C2A}.AppStore|iPhone.Build.0 = AppStore|iPhone
		{ADEF1CC0-3018-4263-96D0-38BC07990C2A}.AppStore|iPhoneSimulator.ActiveCfg = AppStore|iPhoneSimulator
		{ADEF1CC0-3018-4263-96D0-38BC07990C2A}.AppStore|iPhoneSimulator.Build.0 = AppStore|iPhoneSimulator
		{ADEF1CC0-3018-4263-96D0-38BC07990C2A}.AppStore|x64.ActiveCfg = AppStore|iPhone
		{ADEF1CC0-3018-4263-96D0-38BC07990C2A}.AppStore|x86.ActiveCfg = AppStore|iPhone
		{ADEF1CC0-3018-4263-96D0-38BC07990C2A}.Debug|Any CPU.ActiveCfg = Debug|iPhone
		{ADEF1CC0-3018-4263-96D0-38BC07990C2A}.Debug|ARM.ActiveCfg = Debug|iPhone
		{ADEF1CC0-3018-4263-96D0-38BC07990C2A}.Debug|iPhone.ActiveCfg = Debug|iPhone
		{ADEF1CC0-3018-4263-96D0-38BC07990C2A}.Debug|iPhone.Build.0 = Debug|iPhone
		{ADEF1CC0-3018-4263-96D0-38BC07990C2A}.Debug|iPhoneSimulator.ActiveCfg = Debug|iPhoneSimulator
		{ADEF1CC0-3018-4263-96D0-38BC07990C2A}.Debug|iPhoneSimulator.Build.0 = Debug|iPhoneSimulator
		{ADEF1CC0-3018-4263-96D0-38BC07990C2A}.Debug|x64.ActiveCfg = Debug|iPhone
		{ADEF1CC0-3018-4263-96D0-38BC07990C2A}.Debug|x86.ActiveCfg = Debug|iPhone
		{ADEF1CC0-3018-4263-96D0-38BC07990C2A}.Release|Any CPU.ActiveCfg = Release|iPhone
		{ADEF1CC0-3018-4263-96D0-38BC07990C2A}.Release|ARM.ActiveCfg = Release|iPhone
		{ADEF1CC0-3018-4263-96D0-38BC07990C2A}.Release|iPhone.ActiveCfg = Release|iPhone
		{ADEF1CC0-3018-4263-96D0-38BC07990C2A}.Release|iPhone.Build.0 = Release|iPhone
		{ADEF1CC0-3018-4263-96D0-38BC07990C2A}.Release|iPhoneSimulator.ActiveCfg = Release|iPhoneSimulator
		{ADEF1CC0-3018-4263-96D0-38BC07990C2A}.Release|iPhoneSimulator.Build.0 = Release|iPhoneSimulator
		{ADEF1CC0-3018-4263-96D0-38BC07990C2A}.Release|x64.ActiveCfg = Release|iPhone
		{ADEF1CC0-3018-4263-96D0-38BC07990C2A}.Release|x86.ActiveCfg = Release|iPhone
		{A91C4DF9-8DDD-4710-952D-CF8C2CBB0AA1}.Ad-Hoc|Any CPU.ActiveCfg = Release|Any CPU
		{A91C4DF9-8DDD-4710-952D-CF8C2CBB0AA1}.Ad-Hoc|Any CPU.Build.0 = Release|Any CPU
		{A91C4DF9-8DDD-4710-952D-CF8C2CBB0AA1}.Ad-Hoc|Any CPU.Deploy.0 = Release|Any CPU
		{A91C4DF9-8DDD-4710-952D-CF8C2CBB0AA1}.Ad-Hoc|ARM.ActiveCfg = Release|ARM
		{A91C4DF9-8DDD-4710-952D-CF8C2CBB0AA1}.Ad-Hoc|ARM.Build.0 = Release|ARM
		{A91C4DF9-8DDD-4710-952D-CF8C2CBB0AA1}.Ad-Hoc|ARM.Deploy.0 = Release|ARM
		{A91C4DF9-8DDD-4710-952D-CF8C2CBB0AA1}.Ad-Hoc|iPhone.ActiveCfg = Release|Any CPU
		{A91C4DF9-8DDD-4710-952D-CF8C2CBB0AA1}.Ad-Hoc|iPhone.Build.0 = Release|Any CPU
		{A91C4DF9-8DDD-4710-952D-CF8C2CBB0AA1}.Ad-Hoc|iPhone.Deploy.0 = Release|Any CPU
		{A91C4DF9-8DDD-4710-952D-CF8C2CBB0AA1}.Ad-Hoc|iPhoneSimulator.ActiveCfg = Release|Any CPU
		{A91C4DF9-8DDD-4710-952D-CF8C2CBB0AA1}.Ad-Hoc|iPhoneSimulator.Build.0 = Release|Any CPU
		{A91C4DF9-8DDD-4710-952D-CF8C2CBB0AA1}.Ad-Hoc|iPhoneSimulator.Deploy.0 = Release|Any CPU
		{A91C4DF9-8DDD-4710-952D-CF8C2CBB0AA1}.Ad-Hoc|x64.ActiveCfg = Release|Any CPU
		{A91C4DF9-8DDD-4710-952D-CF8C2CBB0AA1}.Ad-Hoc|x64.Build.0 = Release|Any CPU
		{A91C4DF9-8DDD-4710-952D-CF8C2CBB0AA1}.Ad-Hoc|x64.Deploy.0 = Release|Any CPU
		{A91C4DF9-8DDD-4710-952D-CF8C2CBB0AA1}.Ad-Hoc|x86.ActiveCfg = Release|x86
		{A91C4DF9-8DDD-4710-952D-CF8C2CBB0AA1}.Ad-Hoc|x86.Build.0 = Release|x86
		{A91C4DF9-8DDD-4710-952D-CF8C2CBB0AA1}.Ad-Hoc|x86.Deploy.0 = Release|x86
		{A91C4DF9-8DDD-4710-952D-CF8C2CBB0AA1}.AppStore|Any CPU.ActiveCfg = Release|Any CPU
		{A91C4DF9-8DDD-4710-952D-CF8C2CBB0AA1}.AppStore|Any CPU.Build.0 = Release|Any CPU
		{A91C4DF9-8DDD-4710-952D-CF8C2CBB0AA1}.AppStore|Any CPU.Deploy.0 = Release|Any CPU
		{A91C4DF9-8DDD-4710-952D-CF8C2CBB0AA1}.AppStore|ARM.ActiveCfg = Release|ARM
		{A91C4DF9-8DDD-4710-952D-CF8C2CBB0AA1}.AppStore|ARM.Build.0 = Release|ARM
		{A91C4DF9-8DDD-4710-952D-CF8C2CBB0AA1}.AppStore|ARM.Deploy.0 = Release|ARM
		{A91C4DF9-8DDD-4710-952D-CF8C2CBB0AA1}.AppStore|iPhone.ActiveCfg = Release|Any CPU
		{A91C4DF9-8DDD-4710-952D-CF8C2CBB0AA1}.AppStore|iPhone.Build.0 = Release|Any CPU
		{A91C4DF9-8DDD-4710-952D-CF8C2CBB0AA1}.AppStore|iPhone.Deploy.0 = Release|Any CPU
		{A91C4DF9-8DDD-4710-952D-CF8C2CBB0AA1}.AppStore|iPhoneSimulator.ActiveCfg = Release|Any CPU
		{A91C4DF9-8DDD-4710-952D-CF8C2CBB0AA1}.AppStore|iPhoneSimulator.Build.0 = Release|Any CPU
		{A91C4DF9-8DDD-4710-952D-CF8C2CBB0AA1}.AppStore|iPhoneSimulator.Deploy.0 = Release|Any CPU
		{A91C4DF9-8DDD-4710-952D-CF8C2CBB0AA1}.AppStore|x64.ActiveCfg = Release|Any CPU
		{A91C4DF9-8DDD-4710-952D-CF8C2CBB0AA1}.AppStore|x64.Build.0 = Release|Any CPU
		{A91C4DF9-8DDD-4710-952D-CF8C2CBB0AA1}.AppStore|x64.Deploy.0 = Release|Any CPU
		{A91C4DF9-8DDD-4710-952D-CF8C2CBB0AA1}.AppStore|x86.ActiveCfg = Release|x86
		{A91C4DF9-8DDD-4710-952D-CF8C2CBB0AA1}.AppStore|x86.Build.0 = Release|x86
		{A91C4DF9-8DDD-4710-952D-CF8C2CBB0AA1}.AppStore|x86.Deploy.0 = Release|x86
		{A91C4DF9-8DDD-4710-952D-CF8C2CBB0AA1}.Debug|Any CPU.ActiveCfg = Debug|Any CPU
		{A91C4DF9-8DDD-4710-952D-CF8C2CBB0AA1}.Debug|Any CPU.Build.0 = Debug|Any CPU
		{A91C4DF9-8DDD-4710-952D-CF8C2CBB0AA1}.Debug|Any CPU.Deploy.0 = Debug|Any CPU
		{A91C4DF9-8DDD-4710-952D-CF8C2CBB0AA1}.Debug|ARM.ActiveCfg = Debug|ARM
		{A91C4DF9-8DDD-4710-952D-CF8C2CBB0AA1}.Debug|ARM.Build.0 = Debug|ARM
		{A91C4DF9-8DDD-4710-952D-CF8C2CBB0AA1}.Debug|ARM.Deploy.0 = Debug|ARM
		{A91C4DF9-8DDD-4710-952D-CF8C2CBB0AA1}.Debug|iPhone.ActiveCfg = Debug|Any CPU
		{A91C4DF9-8DDD-4710-952D-CF8C2CBB0AA1}.Debug|iPhone.Build.0 = Debug|Any CPU
		{A91C4DF9-8DDD-4710-952D-CF8C2CBB0AA1}.Debug|iPhone.Deploy.0 = Debug|Any CPU
		{A91C4DF9-8DDD-4710-952D-CF8C2CBB0AA1}.Debug|iPhoneSimulator.ActiveCfg = Debug|Any CPU
		{A91C4DF9-8DDD-4710-952D-CF8C2CBB0AA1}.Debug|iPhoneSimulator.Build.0 = Debug|Any CPU
		{A91C4DF9-8DDD-4710-952D-CF8C2CBB0AA1}.Debug|iPhoneSimulator.Deploy.0 = Debug|Any CPU
		{A91C4DF9-8DDD-4710-952D-CF8C2CBB0AA1}.Debug|x64.ActiveCfg = Debug|Any CPU
		{A91C4DF9-8DDD-4710-952D-CF8C2CBB0AA1}.Debug|x64.Build.0 = Debug|Any CPU
		{A91C4DF9-8DDD-4710-952D-CF8C2CBB0AA1}.Debug|x64.Deploy.0 = Debug|Any CPU
		{A91C4DF9-8DDD-4710-952D-CF8C2CBB0AA1}.Debug|x86.ActiveCfg = Debug|x86
		{A91C4DF9-8DDD-4710-952D-CF8C2CBB0AA1}.Debug|x86.Build.0 = Debug|x86
		{A91C4DF9-8DDD-4710-952D-CF8C2CBB0AA1}.Debug|x86.Deploy.0 = Debug|x86
		{A91C4DF9-8DDD-4710-952D-CF8C2CBB0AA1}.Release|Any CPU.ActiveCfg = Release|Any CPU
		{A91C4DF9-8DDD-4710-952D-CF8C2CBB0AA1}.Release|Any CPU.Build.0 = Release|Any CPU
		{A91C4DF9-8DDD-4710-952D-CF8C2CBB0AA1}.Release|Any CPU.Deploy.0 = Release|Any CPU
		{A91C4DF9-8DDD-4710-952D-CF8C2CBB0AA1}.Release|ARM.ActiveCfg = Release|ARM
		{A91C4DF9-8DDD-4710-952D-CF8C2CBB0AA1}.Release|ARM.Build.0 = Release|ARM
		{A91C4DF9-8DDD-4710-952D-CF8C2CBB0AA1}.Release|ARM.Deploy.0 = Release|ARM
		{A91C4DF9-8DDD-4710-952D-CF8C2CBB0AA1}.Release|iPhone.ActiveCfg = Release|Any CPU
		{A91C4DF9-8DDD-4710-952D-CF8C2CBB0AA1}.Release|iPhone.Build.0 = Release|Any CPU
		{A91C4DF9-8DDD-4710-952D-CF8C2CBB0AA1}.Release|iPhone.Deploy.0 = Release|Any CPU
		{A91C4DF9-8DDD-4710-952D-CF8C2CBB0AA1}.Release|iPhoneSimulator.ActiveCfg = Release|Any CPU
		{A91C4DF9-8DDD-4710-952D-CF8C2CBB0AA1}.Release|iPhoneSimulator.Build.0 = Release|Any CPU
		{A91C4DF9-8DDD-4710-952D-CF8C2CBB0AA1}.Release|iPhoneSimulator.Deploy.0 = Release|Any CPU
		{A91C4DF9-8DDD-4710-952D-CF8C2CBB0AA1}.Release|x64.ActiveCfg = Release|Any CPU
		{A91C4DF9-8DDD-4710-952D-CF8C2CBB0AA1}.Release|x64.Build.0 = Release|Any CPU
		{A91C4DF9-8DDD-4710-952D-CF8C2CBB0AA1}.Release|x64.Deploy.0 = Release|Any CPU
		{A91C4DF9-8DDD-4710-952D-CF8C2CBB0AA1}.Release|x86.ActiveCfg = Release|x86
		{A91C4DF9-8DDD-4710-952D-CF8C2CBB0AA1}.Release|x86.Build.0 = Release|x86
		{A91C4DF9-8DDD-4710-952D-CF8C2CBB0AA1}.Release|x86.Deploy.0 = Release|x86
		{CA8F3ABD-C70A-4FFB-B0CC-F6EA4CF443F1}.Ad-Hoc|Any CPU.ActiveCfg = Release|x86
		{CA8F3ABD-C70A-4FFB-B0CC-F6EA4CF443F1}.Ad-Hoc|Any CPU.Build.0 = Release|x86
		{CA8F3ABD-C70A-4FFB-B0CC-F6EA4CF443F1}.Ad-Hoc|Any CPU.Deploy.0 = Release|x86
		{CA8F3ABD-C70A-4FFB-B0CC-F6EA4CF443F1}.Ad-Hoc|ARM.ActiveCfg = Release|ARM
		{CA8F3ABD-C70A-4FFB-B0CC-F6EA4CF443F1}.Ad-Hoc|ARM.Build.0 = Release|ARM
		{CA8F3ABD-C70A-4FFB-B0CC-F6EA4CF443F1}.Ad-Hoc|ARM.Deploy.0 = Release|ARM
		{CA8F3ABD-C70A-4FFB-B0CC-F6EA4CF443F1}.Ad-Hoc|iPhone.ActiveCfg = Release|x86
		{CA8F3ABD-C70A-4FFB-B0CC-F6EA4CF443F1}.Ad-Hoc|iPhone.Build.0 = Release|x86
		{CA8F3ABD-C70A-4FFB-B0CC-F6EA4CF443F1}.Ad-Hoc|iPhone.Deploy.0 = Release|x86
		{CA8F3ABD-C70A-4FFB-B0CC-F6EA4CF443F1}.Ad-Hoc|iPhoneSimulator.ActiveCfg = Release|x86
		{CA8F3ABD-C70A-4FFB-B0CC-F6EA4CF443F1}.Ad-Hoc|iPhoneSimulator.Build.0 = Release|x86
		{CA8F3ABD-C70A-4FFB-B0CC-F6EA4CF443F1}.Ad-Hoc|iPhoneSimulator.Deploy.0 = Release|x86
		{CA8F3ABD-C70A-4FFB-B0CC-F6EA4CF443F1}.Ad-Hoc|x64.ActiveCfg = Release|x64
		{CA8F3ABD-C70A-4FFB-B0CC-F6EA4CF443F1}.Ad-Hoc|x64.Build.0 = Release|x64
		{CA8F3ABD-C70A-4FFB-B0CC-F6EA4CF443F1}.Ad-Hoc|x64.Deploy.0 = Release|x64
		{CA8F3ABD-C70A-4FFB-B0CC-F6EA4CF443F1}.Ad-Hoc|x86.ActiveCfg = Release|x86
		{CA8F3ABD-C70A-4FFB-B0CC-F6EA4CF443F1}.Ad-Hoc|x86.Build.0 = Release|x86
		{CA8F3ABD-C70A-4FFB-B0CC-F6EA4CF443F1}.Ad-Hoc|x86.Deploy.0 = Release|x86
		{CA8F3ABD-C70A-4FFB-B0CC-F6EA4CF443F1}.AppStore|Any CPU.ActiveCfg = Release|x86
		{CA8F3ABD-C70A-4FFB-B0CC-F6EA4CF443F1}.AppStore|Any CPU.Build.0 = Release|x86
		{CA8F3ABD-C70A-4FFB-B0CC-F6EA4CF443F1}.AppStore|Any CPU.Deploy.0 = Release|x86
		{CA8F3ABD-C70A-4FFB-B0CC-F6EA4CF443F1}.AppStore|ARM.ActiveCfg = Release|ARM
		{CA8F3ABD-C70A-4FFB-B0CC-F6EA4CF443F1}.AppStore|ARM.Build.0 = Release|ARM
		{CA8F3ABD-C70A-4FFB-B0CC-F6EA4CF443F1}.AppStore|ARM.Deploy.0 = Release|ARM
		{CA8F3ABD-C70A-4FFB-B0CC-F6EA4CF443F1}.AppStore|iPhone.ActiveCfg = Release|x86
		{CA8F3ABD-C70A-4FFB-B0CC-F6EA4CF443F1}.AppStore|iPhone.Build.0 = Release|x86
		{CA8F3ABD-C70A-4FFB-B0CC-F6EA4CF443F1}.AppStore|iPhone.Deploy.0 = Release|x86
		{CA8F3ABD-C70A-4FFB-B0CC-F6EA4CF443F1}.AppStore|iPhoneSimulator.ActiveCfg = Release|x86
		{CA8F3ABD-C70A-4FFB-B0CC-F6EA4CF443F1}.AppStore|iPhoneSimulator.Build.0 = Release|x86
		{CA8F3ABD-C70A-4FFB-B0CC-F6EA4CF443F1}.AppStore|iPhoneSimulator.Deploy.0 = Release|x86
		{CA8F3ABD-C70A-4FFB-B0CC-F6EA4CF443F1}.AppStore|x64.ActiveCfg = Release|x64
		{CA8F3ABD-C70A-4FFB-B0CC-F6EA4CF443F1}.AppStore|x64.Build.0 = Release|x64
		{CA8F3ABD-C70A-4FFB-B0CC-F6EA4CF443F1}.AppStore|x64.Deploy.0 = Release|x64
		{CA8F3ABD-C70A-4FFB-B0CC-F6EA4CF443F1}.AppStore|x86.ActiveCfg = Release|x86
		{CA8F3ABD-C70A-4FFB-B0CC-F6EA4CF443F1}.AppStore|x86.Build.0 = Release|x86
		{CA8F3ABD-C70A-4FFB-B0CC-F6EA4CF443F1}.AppStore|x86.Deploy.0 = Release|x86
		{CA8F3ABD-C70A-4FFB-B0CC-F6EA4CF443F1}.Debug|Any CPU.ActiveCfg = Debug|x86
		{CA8F3ABD-C70A-4FFB-B0CC-F6EA4CF443F1}.Debug|ARM.ActiveCfg = Debug|ARM
		{CA8F3ABD-C70A-4FFB-B0CC-F6EA4CF443F1}.Debug|ARM.Build.0 = Debug|ARM
		{CA8F3ABD-C70A-4FFB-B0CC-F6EA4CF443F1}.Debug|ARM.Deploy.0 = Debug|ARM
		{CA8F3ABD-C70A-4FFB-B0CC-F6EA4CF443F1}.Debug|iPhone.ActiveCfg = Debug|x86
		{CA8F3ABD-C70A-4FFB-B0CC-F6EA4CF443F1}.Debug|iPhoneSimulator.ActiveCfg = Debug|x86
		{CA8F3ABD-C70A-4FFB-B0CC-F6EA4CF443F1}.Debug|x64.ActiveCfg = Debug|x64
		{CA8F3ABD-C70A-4FFB-B0CC-F6EA4CF443F1}.Debug|x64.Build.0 = Debug|x64
		{CA8F3ABD-C70A-4FFB-B0CC-F6EA4CF443F1}.Debug|x64.Deploy.0 = Debug|x64
		{CA8F3ABD-C70A-4FFB-B0CC-F6EA4CF443F1}.Debug|x86.ActiveCfg = Debug|x86
		{CA8F3ABD-C70A-4FFB-B0CC-F6EA4CF443F1}.Debug|x86.Build.0 = Debug|x86
		{CA8F3ABD-C70A-4FFB-B0CC-F6EA4CF443F1}.Debug|x86.Deploy.0 = Debug|x86
		{CA8F3ABD-C70A-4FFB-B0CC-F6EA4CF443F1}.Release|Any CPU.ActiveCfg = Release|x86
		{CA8F3ABD-C70A-4FFB-B0CC-F6EA4CF443F1}.Release|ARM.ActiveCfg = Release|ARM
		{CA8F3ABD-C70A-4FFB-B0CC-F6EA4CF443F1}.Release|ARM.Build.0 = Release|ARM
		{CA8F3ABD-C70A-4FFB-B0CC-F6EA4CF443F1}.Release|ARM.Deploy.0 = Release|ARM
		{CA8F3ABD-C70A-4FFB-B0CC-F6EA4CF443F1}.Release|iPhone.ActiveCfg = Release|x86
		{CA8F3ABD-C70A-4FFB-B0CC-F6EA4CF443F1}.Release|iPhoneSimulator.ActiveCfg = Release|x86
		{CA8F3ABD-C70A-4FFB-B0CC-F6EA4CF443F1}.Release|x64.ActiveCfg = Release|x64
		{CA8F3ABD-C70A-4FFB-B0CC-F6EA4CF443F1}.Release|x64.Build.0 = Release|x64
		{CA8F3ABD-C70A-4FFB-B0CC-F6EA4CF443F1}.Release|x64.Deploy.0 = Release|x64
		{CA8F3ABD-C70A-4FFB-B0CC-F6EA4CF443F1}.Release|x86.ActiveCfg = Release|x86
		{CA8F3ABD-C70A-4FFB-B0CC-F6EA4CF443F1}.Release|x86.Build.0 = Release|x86
		{CA8F3ABD-C70A-4FFB-B0CC-F6EA4CF443F1}.Release|x86.Deploy.0 = Release|x86
		{9B8EAC46-40E0-4837-AB4B-03B9D99BD4A5}.Ad-Hoc|Any CPU.ActiveCfg = Release|Any CPU
		{9B8EAC46-40E0-4837-AB4B-03B9D99BD4A5}.Ad-Hoc|Any CPU.Build.0 = Release|Any CPU
		{9B8EAC46-40E0-4837-AB4B-03B9D99BD4A5}.Ad-Hoc|Any CPU.Deploy.0 = Release|Any CPU
		{9B8EAC46-40E0-4837-AB4B-03B9D99BD4A5}.Ad-Hoc|ARM.ActiveCfg = Release|ARM
		{9B8EAC46-40E0-4837-AB4B-03B9D99BD4A5}.Ad-Hoc|ARM.Build.0 = Release|ARM
		{9B8EAC46-40E0-4837-AB4B-03B9D99BD4A5}.Ad-Hoc|ARM.Deploy.0 = Release|ARM
		{9B8EAC46-40E0-4837-AB4B-03B9D99BD4A5}.Ad-Hoc|iPhone.ActiveCfg = Release|Any CPU
		{9B8EAC46-40E0-4837-AB4B-03B9D99BD4A5}.Ad-Hoc|iPhone.Build.0 = Release|Any CPU
		{9B8EAC46-40E0-4837-AB4B-03B9D99BD4A5}.Ad-Hoc|iPhone.Deploy.0 = Release|Any CPU
		{9B8EAC46-40E0-4837-AB4B-03B9D99BD4A5}.Ad-Hoc|iPhoneSimulator.ActiveCfg = Release|Any CPU
		{9B8EAC46-40E0-4837-AB4B-03B9D99BD4A5}.Ad-Hoc|iPhoneSimulator.Build.0 = Release|Any CPU
		{9B8EAC46-40E0-4837-AB4B-03B9D99BD4A5}.Ad-Hoc|iPhoneSimulator.Deploy.0 = Release|Any CPU
		{9B8EAC46-40E0-4837-AB4B-03B9D99BD4A5}.Ad-Hoc|x64.ActiveCfg = Release|x64
		{9B8EAC46-40E0-4837-AB4B-03B9D99BD4A5}.Ad-Hoc|x64.Build.0 = Release|x64
		{9B8EAC46-40E0-4837-AB4B-03B9D99BD4A5}.Ad-Hoc|x64.Deploy.0 = Release|x64
		{9B8EAC46-40E0-4837-AB4B-03B9D99BD4A5}.Ad-Hoc|x86.ActiveCfg = Release|x86
		{9B8EAC46-40E0-4837-AB4B-03B9D99BD4A5}.Ad-Hoc|x86.Build.0 = Release|x86
		{9B8EAC46-40E0-4837-AB4B-03B9D99BD4A5}.Ad-Hoc|x86.Deploy.0 = Release|x86
		{9B8EAC46-40E0-4837-AB4B-03B9D99BD4A5}.AppStore|Any CPU.ActiveCfg = Release|Any CPU
		{9B8EAC46-40E0-4837-AB4B-03B9D99BD4A5}.AppStore|Any CPU.Build.0 = Release|Any CPU
		{9B8EAC46-40E0-4837-AB4B-03B9D99BD4A5}.AppStore|Any CPU.Deploy.0 = Release|Any CPU
		{9B8EAC46-40E0-4837-AB4B-03B9D99BD4A5}.AppStore|ARM.ActiveCfg = Release|ARM
		{9B8EAC46-40E0-4837-AB4B-03B9D99BD4A5}.AppStore|ARM.Build.0 = Release|ARM
		{9B8EAC46-40E0-4837-AB4B-03B9D99BD4A5}.AppStore|ARM.Deploy.0 = Release|ARM
		{9B8EAC46-40E0-4837-AB4B-03B9D99BD4A5}.AppStore|iPhone.ActiveCfg = Release|Any CPU
		{9B8EAC46-40E0-4837-AB4B-03B9D99BD4A5}.AppStore|iPhone.Build.0 = Release|Any CPU
		{9B8EAC46-40E0-4837-AB4B-03B9D99BD4A5}.AppStore|iPhone.Deploy.0 = Release|Any CPU
		{9B8EAC46-40E0-4837-AB4B-03B9D99BD4A5}.AppStore|iPhoneSimulator.ActiveCfg = Release|Any CPU
		{9B8EAC46-40E0-4837-AB4B-03B9D99BD4A5}.AppStore|iPhoneSimulator.Build.0 = Release|Any CPU
		{9B8EAC46-40E0-4837-AB4B-03B9D99BD4A5}.AppStore|iPhoneSimulator.Deploy.0 = Release|Any CPU
		{9B8EAC46-40E0-4837-AB4B-03B9D99BD4A5}.AppStore|x64.ActiveCfg = Release|x64
		{9B8EAC46-40E0-4837-AB4B-03B9D99BD4A5}.AppStore|x64.Build.0 = Release|x64
		{9B8EAC46-40E0-4837-AB4B-03B9D99BD4A5}.AppStore|x64.Deploy.0 = Release|x64
		{9B8EAC46-40E0-4837-AB4B-03B9D99BD4A5}.AppStore|x86.ActiveCfg = Release|x86
		{9B8EAC46-40E0-4837-AB4B-03B9D99BD4A5}.AppStore|x86.Build.0 = Release|x86
		{9B8EAC46-40E0-4837-AB4B-03B9D99BD4A5}.AppStore|x86.Deploy.0 = Release|x86
		{9B8EAC46-40E0-4837-AB4B-03B9D99BD4A5}.Debug|Any CPU.ActiveCfg = Debug|Any CPU
		{9B8EAC46-40E0-4837-AB4B-03B9D99BD4A5}.Debug|Any CPU.Build.0 = Debug|Any CPU
		{9B8EAC46-40E0-4837-AB4B-03B9D99BD4A5}.Debug|Any CPU.Deploy.0 = Debug|Any CPU
		{9B8EAC46-40E0-4837-AB4B-03B9D99BD4A5}.Debug|ARM.ActiveCfg = Debug|ARM
		{9B8EAC46-40E0-4837-AB4B-03B9D99BD4A5}.Debug|ARM.Build.0 = Debug|ARM
		{9B8EAC46-40E0-4837-AB4B-03B9D99BD4A5}.Debug|ARM.Deploy.0 = Debug|ARM
		{9B8EAC46-40E0-4837-AB4B-03B9D99BD4A5}.Debug|iPhone.ActiveCfg = Debug|Any CPU
		{9B8EAC46-40E0-4837-AB4B-03B9D99BD4A5}.Debug|iPhone.Build.0 = Debug|Any CPU
		{9B8EAC46-40E0-4837-AB4B-03B9D99BD4A5}.Debug|iPhone.Deploy.0 = Debug|Any CPU
		{9B8EAC46-40E0-4837-AB4B-03B9D99BD4A5}.Debug|iPhoneSimulator.ActiveCfg = Debug|Any CPU
		{9B8EAC46-40E0-4837-AB4B-03B9D99BD4A5}.Debug|iPhoneSimulator.Build.0 = Debug|Any CPU
		{9B8EAC46-40E0-4837-AB4B-03B9D99BD4A5}.Debug|iPhoneSimulator.Deploy.0 = Debug|Any CPU
		{9B8EAC46-40E0-4837-AB4B-03B9D99BD4A5}.Debug|x64.ActiveCfg = Debug|x64
		{9B8EAC46-40E0-4837-AB4B-03B9D99BD4A5}.Debug|x64.Build.0 = Debug|x64
		{9B8EAC46-40E0-4837-AB4B-03B9D99BD4A5}.Debug|x64.Deploy.0 = Debug|x64
		{9B8EAC46-40E0-4837-AB4B-03B9D99BD4A5}.Debug|x86.ActiveCfg = Debug|x86
		{9B8EAC46-40E0-4837-AB4B-03B9D99BD4A5}.Debug|x86.Build.0 = Debug|x86
		{9B8EAC46-40E0-4837-AB4B-03B9D99BD4A5}.Debug|x86.Deploy.0 = Debug|x86
		{9B8EAC46-40E0-4837-AB4B-03B9D99BD4A5}.Release|Any CPU.ActiveCfg = Release|Any CPU
		{9B8EAC46-40E0-4837-AB4B-03B9D99BD4A5}.Release|Any CPU.Build.0 = Release|Any CPU
		{9B8EAC46-40E0-4837-AB4B-03B9D99BD4A5}.Release|Any CPU.Deploy.0 = Release|Any CPU
		{9B8EAC46-40E0-4837-AB4B-03B9D99BD4A5}.Release|ARM.ActiveCfg = Release|ARM
		{9B8EAC46-40E0-4837-AB4B-03B9D99BD4A5}.Release|ARM.Build.0 = Release|ARM
		{9B8EAC46-40E0-4837-AB4B-03B9D99BD4A5}.Release|ARM.Deploy.0 = Release|ARM
		{9B8EAC46-40E0-4837-AB4B-03B9D99BD4A5}.Release|iPhone.ActiveCfg = Release|Any CPU
		{9B8EAC46-40E0-4837-AB4B-03B9D99BD4A5}.Release|iPhone.Build.0 = Release|Any CPU
		{9B8EAC46-40E0-4837-AB4B-03B9D99BD4A5}.Release|iPhone.Deploy.0 = Release|Any CPU
		{9B8EAC46-40E0-4837-AB4B-03B9D99BD4A5}.Release|iPhoneSimulator.ActiveCfg = Release|Any CPU
		{9B8EAC46-40E0-4837-AB4B-03B9D99BD4A5}.Release|iPhoneSimulator.Build.0 = Release|Any CPU
		{9B8EAC46-40E0-4837-AB4B-03B9D99BD4A5}.Release|iPhoneSimulator.Deploy.0 = Release|Any CPU
		{9B8EAC46-40E0-4837-AB4B-03B9D99BD4A5}.Release|x64.ActiveCfg = Release|x64
		{9B8EAC46-40E0-4837-AB4B-03B9D99BD4A5}.Release|x64.Build.0 = Release|x64
		{9B8EAC46-40E0-4837-AB4B-03B9D99BD4A5}.Release|x64.Deploy.0 = Release|x64
		{9B8EAC46-40E0-4837-AB4B-03B9D99BD4A5}.Release|x86.ActiveCfg = Release|x86
		{9B8EAC46-40E0-4837-AB4B-03B9D99BD4A5}.Release|x86.Build.0 = Release|x86
		{9B8EAC46-40E0-4837-AB4B-03B9D99BD4A5}.Release|x86.Deploy.0 = Release|x86
		{495090DB-3498-4634-AB4F-1FDC38007F22}.Ad-Hoc|Any CPU.ActiveCfg = Release|Any CPU
		{495090DB-3498-4634-AB4F-1FDC38007F22}.Ad-Hoc|Any CPU.Build.0 = Release|Any CPU
		{495090DB-3498-4634-AB4F-1FDC38007F22}.Ad-Hoc|ARM.ActiveCfg = Release|Any CPU
		{495090DB-3498-4634-AB4F-1FDC38007F22}.Ad-Hoc|ARM.Build.0 = Release|Any CPU
		{495090DB-3498-4634-AB4F-1FDC38007F22}.Ad-Hoc|iPhone.ActiveCfg = Release|Any CPU
		{495090DB-3498-4634-AB4F-1FDC38007F22}.Ad-Hoc|iPhone.Build.0 = Release|Any CPU
		{495090DB-3498-4634-AB4F-1FDC38007F22}.Ad-Hoc|iPhoneSimulator.ActiveCfg = Release|Any CPU
		{495090DB-3498-4634-AB4F-1FDC38007F22}.Ad-Hoc|iPhoneSimulator.Build.0 = Release|Any CPU
		{495090DB-3498-4634-AB4F-1FDC38007F22}.Ad-Hoc|x64.ActiveCfg = Release|Any CPU
		{495090DB-3498-4634-AB4F-1FDC38007F22}.Ad-Hoc|x64.Build.0 = Release|Any CPU
		{495090DB-3498-4634-AB4F-1FDC38007F22}.Ad-Hoc|x86.ActiveCfg = Release|Any CPU
		{495090DB-3498-4634-AB4F-1FDC38007F22}.Ad-Hoc|x86.Build.0 = Release|Any CPU
		{495090DB-3498-4634-AB4F-1FDC38007F22}.AppStore|Any CPU.ActiveCfg = Release|Any CPU
		{495090DB-3498-4634-AB4F-1FDC38007F22}.AppStore|Any CPU.Build.0 = Release|Any CPU
		{495090DB-3498-4634-AB4F-1FDC38007F22}.AppStore|ARM.ActiveCfg = Release|Any CPU
		{495090DB-3498-4634-AB4F-1FDC38007F22}.AppStore|ARM.Build.0 = Release|Any CPU
		{495090DB-3498-4634-AB4F-1FDC38007F22}.AppStore|iPhone.ActiveCfg = Release|Any CPU
		{495090DB-3498-4634-AB4F-1FDC38007F22}.AppStore|iPhone.Build.0 = Release|Any CPU
		{495090DB-3498-4634-AB4F-1FDC38007F22}.AppStore|iPhoneSimulator.ActiveCfg = Release|Any CPU
		{495090DB-3498-4634-AB4F-1FDC38007F22}.AppStore|iPhoneSimulator.Build.0 = Release|Any CPU
		{495090DB-3498-4634-AB4F-1FDC38007F22}.AppStore|x64.ActiveCfg = Release|Any CPU
		{495090DB-3498-4634-AB4F-1FDC38007F22}.AppStore|x64.Build.0 = Release|Any CPU
		{495090DB-3498-4634-AB4F-1FDC38007F22}.AppStore|x86.ActiveCfg = Release|Any CPU
		{495090DB-3498-4634-AB4F-1FDC38007F22}.AppStore|x86.Build.0 = Release|Any CPU
		{495090DB-3498-4634-AB4F-1FDC38007F22}.Debug|Any CPU.ActiveCfg = Debug|Any CPU
		{495090DB-3498-4634-AB4F-1FDC38007F22}.Debug|Any CPU.Build.0 = Debug|Any CPU
		{495090DB-3498-4634-AB4F-1FDC38007F22}.Debug|ARM.ActiveCfg = Debug|Any CPU
		{495090DB-3498-4634-AB4F-1FDC38007F22}.Debug|ARM.Build.0 = Debug|Any CPU
		{495090DB-3498-4634-AB4F-1FDC38007F22}.Debug|iPhone.ActiveCfg = Debug|Any CPU
		{495090DB-3498-4634-AB4F-1FDC38007F22}.Debug|iPhone.Build.0 = Debug|Any CPU
		{495090DB-3498-4634-AB4F-1FDC38007F22}.Debug|iPhoneSimulator.ActiveCfg = Debug|Any CPU
		{495090DB-3498-4634-AB4F-1FDC38007F22}.Debug|iPhoneSimulator.Build.0 = Debug|Any CPU
		{495090DB-3498-4634-AB4F-1FDC38007F22}.Debug|x64.ActiveCfg = Debug|Any CPU
		{495090DB-3498-4634-AB4F-1FDC38007F22}.Debug|x64.Build.0 = Debug|Any CPU
		{495090DB-3498-4634-AB4F-1FDC38007F22}.Debug|x86.ActiveCfg = Debug|Any CPU
		{495090DB-3498-4634-AB4F-1FDC38007F22}.Debug|x86.Build.0 = Debug|Any CPU
		{495090DB-3498-4634-AB4F-1FDC38007F22}.Release|Any CPU.ActiveCfg = Release|Any CPU
		{495090DB-3498-4634-AB4F-1FDC38007F22}.Release|Any CPU.Build.0 = Release|Any CPU
		{495090DB-3498-4634-AB4F-1FDC38007F22}.Release|ARM.ActiveCfg = Release|Any CPU
		{495090DB-3498-4634-AB4F-1FDC38007F22}.Release|ARM.Build.0 = Release|Any CPU
		{495090DB-3498-4634-AB4F-1FDC38007F22}.Release|iPhone.ActiveCfg = Release|Any CPU
		{495090DB-3498-4634-AB4F-1FDC38007F22}.Release|iPhone.Build.0 = Release|Any CPU
		{495090DB-3498-4634-AB4F-1FDC38007F22}.Release|iPhoneSimulator.ActiveCfg = Release|Any CPU
		{495090DB-3498-4634-AB4F-1FDC38007F22}.Release|iPhoneSimulator.Build.0 = Release|Any CPU
		{495090DB-3498-4634-AB4F-1FDC38007F22}.Release|x64.ActiveCfg = Release|Any CPU
		{495090DB-3498-4634-AB4F-1FDC38007F22}.Release|x64.Build.0 = Release|Any CPU
		{495090DB-3498-4634-AB4F-1FDC38007F22}.Release|x86.ActiveCfg = Release|Any CPU
		{495090DB-3498-4634-AB4F-1FDC38007F22}.Release|x86.Build.0 = Release|Any CPU
	EndGlobalSection
	GlobalSection(SolutionProperties) = preSolution
		HideSolutionNode = FALSE
	EndGlobalSection
EndGlobal
